version = 1
revision = 3
requires-python = ">=3.10"
resolution-markers = [
    "python_full_version >= '3.11' and sys_platform == 'linux'",
    "python_full_version < '3.11' and sys_platform == 'linux'",
    "sys_platform == 'darwin'",
]
supported-markers = [
    "sys_platform == 'linux'",
    "sys_platform == 'darwin'",
]

[[package]]
name = "altgraph"
version = "0.17.5"
source = { registry = "https://pypi.org/simple" }
sdist = { url = "https://files.pythonhosted.org/packages/7e/f8/97fdf103f38fed6792a1601dbc16cc8aac56e7459a9fff08c812d8ae177a/altgraph-0.17.5.tar.gz", hash = "sha256:c87b395dd12fabde9c99573a9749d67da8d29ef9de0125c7f536699b4a9bc9e7", size = 48428, upload-time = "2025-11-21T20:35:50.583Z" }
wheels = [
    { url = "https://files.pythonhosted.org/packages/a9/ba/000a1996d4308bc65120167c21241a3b205464a2e0b58deda26ae8ac21d1/altgraph-0.17.5-py2.py3-none-any.whl", hash = "sha256:f3a22400bce1b0c701683820ac4f3b159cd301acab067c51c653e06961600597", size = 21228, upload-time = "2025-11-21T20:35:49.444Z" },
]

[[package]]
name = "async-timeout"
version = "5.0.1"
source = { registry = "https://pypi.org/simple" }
sdist = { url = "https://files.pythonhosted.org/packages/a5/ae/136395dfbfe00dfc94da3f3e136d0b13f394cba8f4841120e34226265780/async_timeout-5.0.1.tar.gz", hash = "sha256:d9321a7a3d5a6a5e187e824d2fa0793ce379a202935782d555d6e9d2735677d3", size = 9274, upload-time = "2024-11-06T16:41:39.6Z" }
wheels = [
    { url = "https://files.pythonhosted.org/packages/fe/ba/e2081de779ca30d473f21f5b30e0e737c438205440784c7dfc81efc2b029/async_timeout-5.0.1-py3-none-any.whl", hash = "sha256:39e3809566ff85354557ec2398b55e096c8364bacac9405a7a1fa429e77fe76c", size = 6233, upload-time = "2024-11-06T16:41:37.9Z" },
]

[[package]]
name = "bleak"
version = "1.1.1"
source = { registry = "https://pypi.org/simple" }
dependencies = [
    { name = "async-timeout", marker = "(python_full_version < '3.11' and sys_platform == 'darwin') or (python_full_version < '3.11' and sys_platform == 'linux')" },
    { name = "dbus-fast", marker = "sys_platform == 'linux'" },
    { name = "pyobjc-core", marker = "sys_platform == 'darwin'" },
    { name = "pyobjc-framework-corebluetooth", marker = "sys_platform == 'darwin'" },
    { name = "pyobjc-framework-libdispatch", marker = "sys_platform == 'darwin'" },
    { name = "typing-extensions", marker = "(python_full_version < '3.12' and sys_platform == 'darwin') or (python_full_version < '3.12' and sys_platform == 'linux')" },
]
sdist = { url = "https://files.pythonhosted.org/packages/10/88/6bb2bcb94ef7a2f37c5bd5ec99a4ae9208c4caa3fa6d203f9b601e047e64/bleak-1.1.1.tar.gz", hash = "sha256:eeef18053eb3bd569a25bff62cd4eb9ee56be4d84f5321023a7c4920943e6ccb", size = 116277, upload-time = "2025-09-07T18:44:48.978Z" }
wheels = [
    { url = "https://files.pythonhosted.org/packages/81/5a/c3378ba7b05abc7c2d95ae492eac0523d937c77afcb9ff7e7f67fe2ca11d/bleak-1.1.1-py3-none-any.whl", hash = "sha256:e601371396e357d95ee3c256db65b7da624c94ef6f051d47dfce93ea8361c22e", size = 136534, upload-time = "2025-09-07T18:44:47.525Z" },
]

[[package]]
name = "bless"
version = "0.3.0"
source = { registry = "https://pypi.org/simple" }
dependencies = [
    { name = "bleak", marker = "sys_platform == 'darwin' or sys_platform == 'linux'" },
    { name = "dbus-next", marker = "sys_platform == 'linux'" },
]
sdist = { url = "https://files.pythonhosted.org/packages/f0/58/9e070e52b96bd342ccc709489280d8d12a69d55a2cb12082365676fad05f/bless-0.3.0.tar.gz", hash = "sha256:5a62105dfe204be44ab36d20fb9071a994167d5ddd9fee722fb2b5612d7a9ea2", size = 33930, upload-time = "2025-12-23T00:52:15.326Z" }
wheels = [
    { url = "https://files.pythonhosted.org/packages/5c/9f/2536a28f9cd8c7c98424d16c0e352ec43045e89f61ce5c31b344df3b3ae9/bless-0.3.0-py3-none-any.whl", hash = "sha256:29c5a87a100a43f1dddab29e46a5adfdc871d42f4d421f13ae5c7a0ec23e7a6b", size = 46597, upload-time = "2025-12-23T00:52:14.143Z" },
]

[[package]]
name = "dbus-fast"
version = "2.44.5"
source = { registry = "https://pypi.org/simple" }
sdist = { url = "https://files.pythonhosted.org/packages/1b/f9/3952e3514244417a33643087bc5dc134aff546606d5f66f796018cb7fdfc/dbus_fast-2.44.5.tar.gz", hash = "sha256:e9d738e3898e2d505d7f2d5d21949bd705d7cd3d7240dda5481bb1c5fd5e3da8", size = 72474, upload-time = "2025-10-04T20:05:34.741Z" }
wheels = [
    { url = "https://files.pythonhosted.org/packages/ed/d0/f0bc9cc4d4204c36c325177dc364b8d202f35ea66aa4032ff958130d48c1/dbus_fast-2.44.5-cp310-cp310-manylinux2014_aarch64.manylinux_2_17_aarch64.manylinux_2_28_aarch64.whl", hash = "sha256:71f169fd10ce694d6859038687fbfde735c7b0e57970d7b78442a7ef328e22cc", size = 910210, upload-time = "2025-10-04T20:14:46.984Z" },
    { url = "https://files.pythonhosted.org/packages/64/da/c540adadb441bc143716480c0c3aa91e7104db9ebf1c10ad35bd5c62324a/dbus_fast-2.44.5-cp310-cp310-manylinux2014_x86_64.manylinux_2_17_x86_64.manylinux_2_28_x86_64.whl", hash = "sha256:81746e4e53c44f13c1ddc50f6d1d61468f48a2f6968be996a3da9a4942254f46", size = 979369, upload-time = "2025-10-04T20:14:48.918Z" },
    { url = "https://files.pythonhosted.org/packages/97/32/23f5bbae0a7a49afe15b73fb005569b4ed8b9fb35d98cdc0dced3aef9fa7/dbus_fast-2.44.5-cp310-cp310-musllinux_1_2_aarch64.whl", hash = "sha256:a4adcfcdceca850590d73e2d2fdac484cf3ae117abed5d74400291c873369ce7", size = 914481, upload-time = "2025-10-04T20:14:50.825Z" },
    { url = "https://files.pythonhosted.org/packages/64/97/96505eb396e9d1e02cd85a41a60220b2f8158b74bed8f8a1aceb1a104d5a/dbus_fast-2.44.5-cp310-cp310-musllinux_1_2_x86_64.whl", hash = "sha256:8b88989e6ee35acbc6a5085c7d52919776632839668d57fe01d8e66a965e6cf9", size = 986079, upload-time = "2025-10-04T20:14:52.762Z" },
    { url = "https://files.pythonhosted.org/packages/84/b2/751e17f09cfa1095b159aa1f16d127d8f5dc0f5eb65e38a1c99118ee5ed2/dbus_fast-2.44.5-cp311-cp311-manylinux2014_aarch64.manylinux_2_17_aarch64.manylinux_2_28_aarch64.whl", hash = "sha256:52c6733216c15df5d50987b4ee4465b91b767173c46165d1aac4aba4e2f110cf", size = 909779, upload-time = "2025-10-04T20:14:57.191Z" },
    { url = "https://files.pythonhosted.org/packages/90/09/752e4080fe5a1c0619583af2e530b8a7a4c215ceb57f27994b81c3eaf196/dbus_fast-2.44.5-cp311-cp311-manylinux2014_x86_64.manylinux_2_17_x86_64.manylinux_2_28_x86_64.whl", hash = "sha256:094e7ace0bba438e465de108edd32c0e8f63371b5f54ae5393036acc0158dd18", size = 979692, upload-time = "2025-10-04T20:14:58.753Z" },
    { url = "https://files.pythonhosted.org/packages/4d/45/8c27caa37abf7521921cb69adcc647287ae0e51258707b71751eecc01694/dbus_fast-2.44.5-cp311-cp311-musllinux_1_2_aarch64.whl", hash = "sha256:3e168b1dab2e0d7b7b8981d82c8535cb2a535320a947191a5fcbf605f22d6d76", size = 914911, upload-time = "2025-10-04T20:15:01.006Z" },
    { url = "https://files.pythonhosted.org/packages/8f/f3/f29f43cc3f8397405856763d403adf13d901f99a76f6bdbd5bb59b34f5f5/dbus_fast-2.44.5-cp311-cp311-musllinux_1_2_x86_64.whl", hash = "sha256:111c0ddb941cbe39838ced83bd162d096dfabd78cfff6f15e5df281a7cf0100e", size = 989082, upload-time = "2025-10-04T20:15:02.847Z" },
    { url = "https://files.pythonhosted.org/packages/5b/09/1c08acdf9cb7b3f5b1c50a44bd5f53f6cc751b74e4c62ea9629df21d0806/dbus_fast-2.44.5-cp312-cp312-manylinux2014_aarch64.manylinux_2_17_aarch64.manylinux_2_28_aarch64.whl", hash = "sha256:90493cc36657977f70a12fd358e6655a3b159c29dc682343ba083e9ad25ece3a", size = 871573, upload-time = "2025-10-04T20:15:07.049Z" },
    { url = "https://files.pythonhosted.org/packages/5a/f8/05157303f54359717ede41ecd3fde38a193d0d7c1d00485b1307af6e0e60/dbus_fast-2.44.5-cp312-cp312-manylinux2014_x86_64.manylinux_2_17_x86_64.manylinux_2_28_x86_64.whl", hash = "sha256:86aa086c89ffc14941cb3877bafe9ee8cd79a565033f4526d866c7da2bbac257", size = 954097, upload-time = "2025-10-04T20:15:09.045Z" },
    { url = "https://files.pythonhosted.org/packages/5d/92/eaefe9317bbec43c28ffa3e9d7192eb05ab22955c19901c4fe5163412204/dbus_fast-2.44.5-cp312-cp312-musllinux_1_2_aarch64.whl", hash = "sha256:af64f9d836adb3e759c9df40e3758f0c3a2f998f656ddd1992f17cc0516df30c", size = 876343, upload-time = "2025-10-04T20:15:10.975Z" },
    { url = "https://files.pythonhosted.org/packages/b4/44/6f7444f5652442030738d232f90e96ce17381cbbe4ade7a33acc5f1c615b/dbus_fast-2.44.5-cp312-cp312-musllinux_1_2_x86_64.whl", hash = "sha256:891102ad3e8aa1285e4558f80d33dbfdda92a9e77ed41c054f0eb63f99df57eb", size = 960283, upload-time = "2025-10-04T20:15:12.738Z" },
    { url = "https://files.pythonhosted.org/packages/79/ad/17eadd06e533e2828b0f9b16da25b11d47629d4e2da3e817fa4cdffb96b5/dbus_fast-2.44.5-cp313-cp313-manylinux2014_aarch64.manylinux_2_17_aarch64.manylinux_2_28_aarch64.whl", hash = "sha256:44d3232fd70f4deffa509b9aec8b1143895382554cda6513c34f70fa0b2ccb0c", size = 868405, upload-time = "2025-10-04T20:15:16.056Z" },
    { url = "https://files.pythonhosted.org/packages/24/29/71d5a77e04a7a44ff46a6adaeaaf1f3cdb0b1ac3486e05cf079724f2799e/dbus_fast-2.44.5-cp313-cp313-manylinux2014_x86_64.manylinux_2_17_x86_64.manylinux_2_28_x86_64.whl", hash = "sha256:0b247075d035c4f33a24ee35a81c1313c46a7712ebad959fa8850654d3d6d64f", size = 948188, upload-time = "2025-10-04T20:15:17.847Z" },
    { url = "https://files.pythonhosted.org/packages/a8/24/39261f09d4fef3a57b45b71842cbdfc0a532b259236c1347fc2df3629936/dbus_fast-2.44.5-cp313-cp313-manylinux_2_36_x86_64.whl", hash = "sha256:b5fea7b5ea19f83220752c8560c3b4c3b9ee79976cc02dec7be21f57c01c1338", size = 891815, upload-time = "2025-10-04T20:05:32.868Z" },
    { url = "https://files.pythonhosted.org/packages/91/48/685e3e846b8f7a7e9dec679763fde808c2443e6201a2c6eab45b48dec456/dbus_fast-2.44.5-cp313-cp313-musllinux_1_2_aarch64.whl", hash = "sha256:8546604aebd57f3928647b0e1ea32912c80ddcf7119a35dd57606bf3a38b8571", size = 873356, upload-time = "2025-10-04T20:15:19.405Z" },
    { url = "https://files.pythonhosted.org/packages/3d/ff/9798912b8c6eb6dac6504dd1db4391c7b48ed21123ea55832c754ba92dd7/dbus_fast-2.44.5-cp313-cp313-musllinux_1_2_x86_64.whl", hash = "sha256:46ca373a4eb8f036597d25787f4410af7822ab37c5db7c44ac4bc18bb25b9d6f", size = 957077, upload-time = "2025-10-04T20:15:21.608Z" },
    { url = "https://files.pythonhosted.org/packages/22/b7/de79d48aee3e164121d4dd887b328ba8386d848c152bec1fd89fc55069ce/dbus_fast-2.44.5-cp314-cp314-manylinux2014_aarch64.manylinux_2_17_aarch64.manylinux_2_28_aarch64.whl", hash = "sha256:b9f49e3fe97a7de27b3bdb4d80b8bc40aa0827462988b790a9e007d40518b7e2", size = 879901, upload-time = "2025-10-04T20:15:25.218Z" },
    { url = "https://files.pythonhosted.org/packages/4e/ce/8fe1fcc0de1a80c58d2f09b5bf0ab201c2af577ec23a9ab78e8542a23814/dbus_fast-2.44.5-cp314-cp314-manylinux2014_x86_64.manylinux_2_17_x86_64.manylinux_2_28_x86_64.whl", hash = "sha256:b164214d2abc4b232c02100448bdf7a8858ac8da62c17cfe3ad54e05eae4b133", size = 951654, upload-time = "2025-10-04T20:15:27.513Z" },
    { url = "https://files.pythonhosted.org/packages/47/17/e689c631fac91616ae2dbf2097e03ba200975c4e3df983aaef02ca23413d/dbus_fast-2.44.5-cp314-cp314-musllinux_1_2_aarch64.whl", hash = "sha256:13ae2801d94bb782aad71c21542e90ba65bc86ccbcc365e52a473eba208aab54", size = 882964, upload-time = "2025-10-04T20:15:29.063Z" },
    { url = "https://files.pythonhosted.org/packages/8e/27/ea16587576621810ceb6c08a8533101993c4ad2ea5089d25acd807c03fd3/dbus_fast-2.44.5-cp314-cp314-musllinux_1_2_x86_64.whl", hash = "sha256:e3e24fd1fe09ddd87b6ce57fc99e9a95201ae4296d6518e3fb101df392e3dc85", size = 960017, upload-time = "2025-10-04T20:15:31.19Z" },
    { url = "https://files.pythonhosted.org/packages/f9/a5/b8f698a321546c9640206dd52e6233948adadc7672fe36d4028fffc7a4e7/dbus_fast-2.44.5-cp314-cp314t-manylinux2014_aarch64.manylinux_2_17_aarch64.manylinux_2_28_aarch64.whl", hash = "sha256:644a0ba6958550707ad56acd9654f1534fca16a6e1bf5f38f2f74a5370123584", size = 879903, upload-time = "2025-10-04T20:15:34.668Z" },
    { url = "https://files.pythonhosted.org/packages/39/f2/d86628f8ccde215ba592bad87318134a84675960fa9453a88846325e5fec/dbus_fast-2.44.5-cp314-cp314t-manylinux2014_x86_64.manylinux_2_17_x86_64.manylinux_2_28_x86_64.whl", hash = "sha256:ad9b36518984a363cfa5eacbd4a2a82ce35a0d4cfcb9e43980c8df3d742121e9", size = 951654, upload-time = "2025-10-04T20:15:36.521Z" },
    { url = "https://files.pythonhosted.org/packages/10/98/b13d391109a948e58074d59c28076ea0b8eb69884ffbab03cda98f6ace3d/dbus_fast-2.44.5-cp314-cp314t-musllinux_1_2_aarch64.whl", hash = "sha256:bdb8688394bb28b9535d38a1e7dfeed8143fd0ee09cb9aea07ff314fb5af55dc", size = 882967, upload-time = "2025-10-04T20:15:38.674Z" },
    { url = "https://files.pythonhosted.org/packages/cc/41/2d2baa32486a2f3f8248fbc855670caa861e66e017988c74a3f234664d3a/dbus_fast-2.44.5-cp314-cp314t-musllinux_1_2_x86_64.whl", hash = "sha256:2979c4b90596ddb72d2056de7cb47a2994143e805844732d96bcd882731b936b", size = 960019, upload-time = "2025-10-04T20:15:40.435Z" },
]

[[package]]
name = "dbus-next"
version = "0.2.3"
source = { registry = "https://pypi.org/simple" }
sdist = { url = "https://files.pythonhosted.org/packages/ce/45/6a40fbe886d60a8c26f480e7d12535502b5ba123814b3b9a0b002ebca198/dbus_next-0.2.3.tar.gz", hash = "sha256:f4eae26909332ada528c0a3549dda8d4f088f9b365153952a408e28023a626a5", size = 71112, upload-time = "2021-07-25T22:11:28.398Z" }
wheels = [
    { url = "https://files.pythonhosted.org/packages/d2/fc/c0a3f4c4eaa5a22fbef91713474666e13d0ea2a69c84532579490a9f2cc8/dbus_next-0.2.3-py3-none-any.whl", hash = "sha256:58948f9aff9db08316734c0be2a120f6dc502124d9642f55e90ac82ffb16a18b", size = 57885, upload-time = "2021-07-25T22:11:25.466Z" },
]

[[package]]
name = "macholib"
version = "1.16.4"
source = { registry = "https://pypi.org/simple" }
dependencies = [
    { name = "altgraph", marker = "sys_platform == 'darwin'" },
]
sdist = { url = "https://files.pythonhosted.org/packages/10/2f/97589876ea967487978071c9042518d28b958d87b17dceb7cdc1d881f963/macholib-1.16.4.tar.gz", hash = "sha256:f408c93ab2e995cd2c46e34fe328b130404be143469e41bc366c807448979362", size = 59427, upload-time = "2025-11-22T08:28:38.373Z" }
wheels = [
    { url = "https://files.pythonhosted.org/packages/c7/d1/a9f36f8ecdf0fb7c9b1e78c8d7af12b8c8754e74851ac7b94a8305540fc7/macholib-1.16.4-py2.py3-none-any.whl", hash = "sha256:da1a3fa8266e30f0ce7e97c6a54eefaae8edd1e5f86f3eb8b95457cae90265ea", size = 38117, upload-time = "2025-11-22T08:28:36.939Z" },
]

[[package]]
name = "nuitka"
version = "4.2.2"
source = { registry = "https://pypi.org/simple" }
sdist = { url = "https://files.pythonhosted.org/packages/75/27/9fef9381e967c333c808d8b087ca2cca713d608647a638d962f34ea22a45/nuitka-4.2.2.tar.gz", hash = "sha256:29c1bfb6f53154e620b38cf6167cbb03f54043f6e08ef7d3f2d5080a95df7e0d", size = 4635975, upload-time = "2026-09-22T14:25:53.659Z" }

[[package]]
name = "packaging"
version = "26.3"
source = { registry = "https://pypi.org/simple" }
sdist = { url = "https://files.pythonhosted.org/packages/7d/fa/3944b40b07da9ce895c0e6303a5ab7d53da063554f534556b134a54d6093/packaging-26.3.tar.gz", hash = "sha256:94edc256424af38762eb31306eed28beb9f0efc50a8837492c9d6fd6004aed79", size = 313412, upload-time = "2026-08-04T18:15:28.737Z" }
wheels = [
    { url = "https://files.pythonhosted.org/packages/63/34/ba1c580383c9eada3711951fef0795c80b829a078d72188184bcab9dd527/packaging-26.3-py3-none-any.whl", hash = "sha256:d7193f7c8e4e93f444fde0262bf90af30e16fa0ad0ad44cb553c87339b23cd1c", size = 129956, upload-time = "2026-08-04T18:15:27.159Z" },
]

[[package]]
name = "pyinstaller"
version = "6.22.3"
source = { registry = "https://pypi.org/simple" }
dependencies = [
    { name = "altgraph", marker = "sys_platform == 'darwin' or sys_platform == 'linux'" },
    { name = "macholib", marker = "sys_platform == 'darwin'" },
    { name = "packaging", marker = "sys_platform == 'darwin' or sys_platform == 'linux'" },
    { name = "pyinstaller-hooks-contrib", marker = "sys_platform == 'darwin' or sys_platform == 'linux'" },
    { name = "setuptools", marker = "sys_platform == 'darwin' or sys_platform == 'linux'" },
]
sdist = { url = "https://files.pythonhosted.org/packages/63/41/f90302845945abd4ed647933ff5ee7c6ac93983187be67f897b6cb613331/pyinstaller-6.22.3.tar.gz", hash = "sha256:05eb2f5615503e72939a7224d68b4aff572c6b0438ee4a17d0a4b481f399362d", size = 4437180, upload-time = "2026-09-12T21:54:09.669Z" }
wheels = [
    { url = "https://files.pythonhosted.org/packages/ec/af/898f70947e27f8e65d55183c780e77112e023c0b4a6fba6255d4d563a27d/pyinstaller-6.22.3-py3-none-macosx_10_13_universal2.whl", hash = "sha256:052f4a1cd4f81092ccb7a18fe8ebc9ecf832a5917317e39fb3775af4e959b253", size = 1071847, upload-time = "2026-09-12T21:53:01.711Z" },
    { url = "https://files.pythonhosted.org/packages/c4/96/99f5184985141c2b024bfa61335e9142ae444555224f303186e59b7bb438/pyinstaller-6.22.3-py3-none-manylinux2014_aarch64.whl", hash = "sha256:312da84b4b31ab9750066a823734c11b7c68757fdd67c9f038bf19c330a954e4", size = 758172, upload-time = "2026-09-12T21:53:06.171Z" },
    { url = "https://files.pythonhosted.org/packages/69/9f/9ccb12cc1e6617042cb028fe79f0a756f5f03305bd14b584a4e043fe3844/pyinstaller-6.22.3-py3-none-manylinux2014_i686.whl", hash = "sha256:020d4fe0627f5c73dfbcfad1a6578ef354d5fe4bdccd9d8e5a615528f5a45d2b", size = 772135, upload-time = "2026-09-12T21:53:10.291Z" },
    { url = "https://files.pythonhosted.org/packages/c1/43/4b1d5193a88628c052db89f064433681076959a9f41d0d9f660001b49079/pyinstaller-6.22.3-py3-none-manylinux2014_ppc64le.whl", hash = "sha256:9e4f7bd64b2103f14b4a6240fb9155e9fe7bc61391b4043bbddb7d3ebc8ab0fa", size = 770461, upload-time = "2026-09-12T21:53:14.592Z" },
    { url = "https://files.pythonhosted.org/packages/cb/83/f173f8757c618d83e116fa2b8e57c5cd796e5ad09792e664eabd6ac5edae/pyinstaller-6.22.3-py3-none-manylinux2014_s390x.whl", hash = "sha256:f82d0fb89f21c3ed6f482ee16f341bc59e8a31dbabb9bae9ef04e53ade4dc0d9", size = 764997, upload-time = "2026-09-12T21:53:19.079Z" },
    { url = "https://files.pythonhosted.org/packages/7b/b6/dd21d61fc5e25377be24eabf13e99e4e46548a5abe2bf7b15d8b3d9cc74a/pyinstaller-6.22.3-py3-none-manylinux2014_x86_64.whl", hash = "sha256:451a4ae14b719365bf1a2f0a99dae7b3463060061c3a394c70d5264cfb439528", size = 764974, upload-time = "2026-09-12T21:53:23.176Z" },
    { url = "https://files.pythonhosted.org/packages/6c/fd/d9590942972b1fc205519f7ccffb0d5cd8eb1d6fa61edad319c71d25baed/pyinstaller-6.22.3-py3-none-musllinux_1_1_aarch64.whl", hash = "sha256:ea240b5dfa831ff673c97505eee0ec24670bccf71396c83109440348944c83d0", size = 764450, upload-time = "2026-09-12T21:53:27.419Z" },
    { url = "https://files.pythonhosted.org/packages/72/d6/f22c55d1768433b65c460b19a3136dd9769b6c74b786149b829344654c7d/pyinstaller-6.22.3-py3-none-musllinux_1_1_x86_64.whl", hash = "sha256:a2b6fc26601e8c2596c3d54981566934a3382e85d05d0fe91b55b6a8dcc6b282", size = 763863, upload-time = "2026-09-12T21:53:31.609Z" },
]

[[package]]
name = "pyinstaller-hooks-contrib"
version = "2026.8"
source = { registry = "https://pypi.org/simple" }
dependencies = [
    { name = "packaging", marker = "sys_platform == 'darwin' or sys_platform == 'linux'" },
]
sdist = { url = "https://files.pythonhosted.org/packages/c9/3b/fab1a12a21bf9223af012e5dd002b7d4265683d21d9fabbd0ccb347316e4/pyinstaller_hooks_contrib-2026.8.tar.gz", hash = "sha256:4d825786ad7a9b7dbcc52d612748a34562fe273461bcfd88f4d549c594bbf8f9", size = 176955, upload-time = "2026-09-30T07:53:52.56Z" }
wheels = [
    { url = "https://files.pythonhosted.org/packages/8f/f1/3eee0263b487e571aed9204257b45bc2a0b6fec34d0a1adade4d8d8a968c/pyinstaller_hooks_contrib-2026.8-py3-none-any.whl", hash = "sha256:6d21d65323ea4467753afc21f52d7d0e69416ae8101dd88269bf273ad48db084", size = 462145, upload-time = "2026-09-30T07:53:51.167Z" },
]

[[package]]
name = "pyobjc-core"
version = "12.2.2"
source = { registry = "https://pypi.org/simple" }
sdist = { url = "https://files.pythonhosted.org/packages/a5/78/abc4ce5920305780aeb36b4067a86253378b36e29ba96673a3deb02eb03a/pyobjc_core-12.2.2.tar.gz", hash = "sha256:3906452339cd06a3bb07df103c2511d4cb0f7a22d8771c0b802eba15d9a642b6", size = 1067701, upload-time = "2026-08-11T19:43:39.059Z" }
wheels = [
    { url = "https://files.pythonhosted.org/packages/00/1d/baf7197cee12f32a8eb9f8633093da1ec1ea702b0e1346bc1c7bfe022673/pyobjc_core-12.2.2-cp310-cp310-macosx_10_9_universal2.whl", hash = "sha256:56c6c39f1de059fcbb174ebca5525505fc8feaa89be2a28c329bf09b6b25ee75", size = 6483051, upload-time = "2026-08-11T13:55:45.262Z" },
    { url = "https://files.pythonhosted.org/packages/ce/8e/18284fec7913ef78b25a1c97f9689ebef98bc14038386191491516abeb25/pyobjc_core-12.2.2-cp311-cp311-macosx_10_9_universal2.whl", hash = "sha256:b9cdd686e32db8e451feb19f8a85bc4cd52c2893103881d04aca51e1f35371d1", size = 6481574, upload-time = "2026-08-11T14:13:27.153Z" },
    { url = "https://files.pythonhosted.org/packages/86/b2/bbf7f049880ab40d110e66f25122342a1f6c98d6fe3c59bb98985503c660/pyobjc_core-12.2.2-cp312-cp312-macosx_10_13_universal2.whl", hash = "sha256:122e6ad302a2abf5d4d4adb0156db751600ddf2768441696cba17b31323085e7", size = 6427637, upload-time = "2026-08-11T14:51:36.038Z" },
    { url = "https://files.pythonhosted.org/packages/1b/ed/a8bf040caf3704023d74086b7fb96cf4ed2e844e24bd94e5248ba214b700/pyobjc_core-12.2.2-cp313-cp313-macosx_10_13_universal2.whl", hash = "sha256:950bd2d9c74634398c4e3d24ef2f213d4e23d705083697464fa67afedc53c1ad", size = 6427113, upload-time = "2026-08-11T15:04:39.424Z" },
    { url = "https://files.pythonhosted.org/packages/e7/5a/760f8b9e116edd43c57e33844dc17619158fbdd311250d4209910192d72d/pyobjc_core-12.2.2-cp313-cp313t-macosx_10_13_universal2.whl", hash = "sha256:3772b406edb3ff78171530a17cda1c4a7817f87b87ded0d8715b3fa664df16db", size = 6666817, upload-time = "2026-08-11T19:30:17.01Z" },
    { url = "https://files.pythonhosted.org/packages/13/37/486d38a173b0b8dce973a3e13c74cf402ed1b8621586b5963bc9efd49a48/pyobjc_core-12.2.2-cp314-cp314-macosx_10_15_universal2.whl", hash = "sha256:2062e8ad30a310441cd022544a897553408bebeaa7820d5edba3c96fd7fd693b", size = 6421184, upload-time = "2026-08-11T19:30:21.081Z" },
    { url = "https://files.pythonhosted.org/packages/04/f1/d138fd9b9a66ea8db56a8138b77d3413b85da3defe13363a19f364f85529/pyobjc_core-12.2.2-cp314-cp314t-macosx_10_15_universal2.whl", hash = "sha256:2c7ef3d2f865b4b3ebb14ec3556f7a3e8abb6d130c67275cd9daa08dbd6e4e4e", size = 6671824, upload-time = "2026-08-11T19:30:25.005Z" },
    { url = "https://files.pythonhosted.org/packages/d5/85/577e2265cccf59daf48c460f0a8deeaf7dbe2991227a8859ab1eeab4945e/pyobjc_core-12.2.2-cp315-cp315-macosx_10_15_universal2.whl", hash = "sha256:89acc6bc13aaa6e3f52b0ce652ede7e201edb6bf062741b246b0c5a44582f25f", size = 6477694, upload-time = "2026-08-11T19:30:28.821Z" },
    { url = "https://files.pythonhosted.org/packages/77/0a/bd9f830c64c6f334530831e75c01bfe0a770a3fbb00fddc70329223118b3/pyobjc_core-12.2.2-cp315-cp315t-macosx_10_15_universal2.whl", hash = "sha256:59a77038ebe0ab1240f61c341e7fb67b8674f2b4cd41bc71a6472511a12b50f7", size = 6712233, upload-time = "2026-08-11T19:30:33.032Z" },
]

[[package]]
name = "pyobjc-framework-cocoa"
version = "12.2.2"
source = { registry = "https://pypi.org/simple" }
dependencies = [
    { name = "pyobjc-core", marker = "sys_platform == 'darwin'" },
]
sdist = { url = "https://files.pythonhosted.org/packages/75/76/49c6da2c6a831020b4854ba20079d5a1030474bffc776b7b73c2eeff8c15/pyobjc_framework_cocoa-12.2.2.tar.gz", hash = "sha256:c96c0ef69a71afbbb0e6a7d594b455c5fe47d62e0db376ee7a2b4b828c16ace9", size = 3132831, upload-time = "2026-08-11T19:44:02.288Z" }
wheels = [
    { url = "https://files.pythonhosted.org/packages/e1/dd/aba439652cae293a736680ef5ed5cc29419adbbac1c6d4555b910741d516/pyobjc_framework_cocoa-12.2.2-cp310-cp310-macosx_10_9_universal2.whl", hash = "sha256:5a751c8033a3b51f7996f0327e0675eb44dcfdfe7920fae01e3d78b662723fff", size = 387296, upload-time = "2026-08-11T19:32:40.684Z" },
    { url = "https://files.pythonhosted.org/packages/f6/a7/370f12143661dff66f2c68a735938afab6530aa3b153f6a7a6f12b5eabab/pyobjc_framework_cocoa-12.2.2-cp311-cp311-macosx_10_9_universal2.whl", hash = "sha256:851dca4c16e70b405e5cd5a8c166cf7c445ae54a4cdd95ce9a523803172f32d1", size = 387300, upload-time = "2026-08-11T19:32:42.043Z" },
    { url = "https://files.pythonhosted.org/packages/fd/2f/b67e73d8bc367e03fe7861cd9c49fff9dcfa6db83bc0630c0adcfb25b7fa/pyobjc_framework_cocoa-12.2.2-cp312-cp312-macosx_10_13_universal2.whl", hash = "sha256:e106f395531e67694376b0f1184612cbeea3ec8b9bf56b55ef41d026171d2a2d", size = 388117, upload-time = "2026-08-11T19:32:43.161Z" },
    { url = "https://files.pythonhosted.org/packages/db/e1/5d9b04ebb60042b9cb49adc2d33115e2f2c2e4ff7d548017bfaff8b7f536/pyobjc_framework_cocoa-12.2.2-cp313-cp313-macosx_10_13_universal2.whl", hash = "sha256:600b1723184ca094931330e79355274949965460e23de38628d601b5a967baf9", size = 388181, upload-time = "2026-08-11T19:32:44.537Z" },
    { url = "https://files.pythonhosted.org/packages/b4/25/2a343357d5fe09bbe9c0e294dc03450866a0d6c1792fad36b6bcc00174c0/pyobjc_framework_cocoa-12.2.2-cp313-cp313t-macosx_10_13_universal2.whl", hash = "sha256:875f2aad73963faa81a6b36ae674fd494a4658d6d999e1075e0e2aca3d2391df", size = 392275, upload-time = "2026-08-11T19:32:45.631Z" },
    { url = "https://files.pythonhosted.org/packages/1f/1a/b99521999b9f54b89aad928ddff0faad507abfe33bc46599454bfa48a4b2/pyobjc_framework_cocoa-12.2.2-cp314-cp314-macosx_10_15_universal2.whl", hash = "sha256:889d7bbd4ba2d4941078bfbbfb882138e51dbead27df006abfe0f2e0d49b5b2e", size = 388368, upload-time = "2026-08-11T19:32:46.781Z" },
    { url = "https://files.pythonhosted.org/packages/6d/26/0c697dbc73dcc76bc0f68ea5aeed25bf7b05217df5102659e878501b2d5f/pyobjc_framework_cocoa-12.2.2-cp314-cp314t-macosx_10_15_universal2.whl", hash = "sha256:de69c5933750f3a4599ed962eccd92b6a71914c7e4318dacc7895738a8ae60d7", size = 392404, upload-time = "2026-08-11T19:32:47.918Z" },
    { url = "https://files.pythonhosted.org/packages/df/82/502f740fd8f4e9ef741c9d40ba67467ab2c8196f2c09dcba12936d28a4fd/pyobjc_framework_cocoa-12.2.2-cp315-cp315-macosx_10_15_universal2.whl", hash = "sha256:0e8ace0d44a00d281281a723d17fcd05eea7544a38a6a512e1fd018ddb7aece2", size = 388585, upload-time = "2026-08-11T19:32:49.171Z" },
    { url = "https://files.pythonhosted.org/packages/7d/3b/07ce3c0ab8d1e9e1bed74fea1bf1cce73527a365a7a23c755051d3be9865/pyobjc_framework_cocoa-12.2.2-cp315-cp315t-macosx_10_15_universal2.whl", hash = "sha256:8fe5b2e79c9530f667b4e58a87a3a15ea62f86a5d19eec405517ecbd4f454868", size = 392693, upload-time = "2026-08-11T19:32:50.283Z" },
]

[[package]]
name = "pyobjc-framework-corebluetooth"
version = "12.2.2"
source = { registry = "https://pypi.org/simple" }
dependencies = [
    { name = "pyobjc-core", marker = "sys_platform == 'darwin'" },
    { name = "pyobjc-framework-cocoa", marker = "sys_platform == 'darwin'" },
]
sdist = { url = "https://files.pythonhosted.org/packages/53/f6/424a21392b3290dab0e8a78bddbe4e71754b9f1cf70d0e1584c03d6df987/pyobjc_framework_corebluetooth-12.2.2.tar.gz", hash = "sha256:75aa13f5355be549252d3192864bb3b82eb74c1f667d0527c1388117efffd688", size = 37806, upload-time = "2026-08-11T19:44:08.594Z" }
wheels = [
    { url = "https://files.pythonhosted.org/packages/6a/79/78cf0e87dfab936d7e1aff2ecb4b00e96af33aa5bb8d63838a6eb88b6fb9/pyobjc_framework_corebluetooth-12.2.2-cp310-cp310-macosx_10_9_universal2.whl", hash = "sha256:a8a40fbce765b14ba49126156b33b6a07bc60b0fe93b7c321268e8c5c52112e1", size = 13194, upload-time = "2026-08-11T19:33:25.128Z" },
    { url = "https://files.pythonhosted.org/packages/b3/30/9a48cd52097534e7e29512e15529bde6dd77a922a84fbf2027503151aa2c/pyobjc_framework_corebluetooth-12.2.2-cp311-cp311-macosx_10_9_universal2.whl", hash = "sha256:6820800a38777b1f20bfabb96f724ec71a26683c378640a115eccfa2b52eea13", size = 13196, upload-time = "2026-08-11T19:33:26.08Z" },
    { url = "https://files.pythonhosted.org/packages/96/32/83753504c8a76c2ad87f7fadc51576d804425fb7a9a043b0fe6c1d7a9287/pyobjc_framework_corebluetooth-12.2.2-cp312-cp312-macosx_10_13_universal2.whl", hash = "sha256:78bb5ac453f4bebec59b2c918c8fb71fe054ab8c69d88cd21d6c231cc9a39593", size = 13223, upload-time = "2026-08-11T19:33:26.833Z" },
    { url = "https://files.pythonhosted.org/packages/16/76/044737646efadf7aed6e92160bb52d37927c2729f5de8558abc423963e0a/pyobjc_framework_corebluetooth-12.2.2-cp313-cp313-macosx_10_13_universal2.whl", hash = "sha256:0c483a90fb7ebf269af5f235fed82e437d8ff892c133f064af25623bf43efe16", size = 13236, upload-time = "2026-08-11T19:33:27.614Z" },
    { url = "https://files.pythonhosted.org/packages/5b/ae/5bec176e086eabd9a36cf2acfec98207586215dbfc9d924453a707e8d6f8/pyobjc_framework_corebluetooth-12.2.2-cp313-cp313t-macosx_10_13_universal2.whl", hash = "sha256:ff95d28591e1b83b4c3e835279194ca03cb6fa6e0b7fa224c143311cc71ed66b", size = 13418, upload-time = "2026-08-11T19:33:28.592Z" },
    { url = "https://files.pythonhosted.org/packages/39/f8/592c2fc205d5d2a80f49960c4576ef52f89bcd43afb481de0a7f0f85d2c7/pyobjc_framework_corebluetooth-12.2.2-cp314-cp314-macosx_10_15_universal2.whl", hash = "sha256:c8d748b3ece787c750cdfc0ab820bd0316a084015453ca48b7885fcf56d3f782", size = 13225, upload-time = "2026-08-11T19:33:29.393Z" },
    { url = "https://files.pythonhosted.org/packages/40/70/48680ab2e817b805db661d17fa172d704541f873be593a6f4e9e56f3f030/pyobjc_framework_corebluetooth-12.2.2-cp314-cp314t-macosx_10_15_universal2.whl", hash = "sha256:289ea13ba2b7746235ef47e2d7e7606752d08384022197ccc0e6943b91d4c62d", size = 13416, upload-time = "2026-08-11T19:33:30.12Z" },
    { url = "https://files.pythonhosted.org/packages/8c/4a/0116aae535191482e6f110a878b0004c7d4d381764b66c5e09337c4d605c/pyobjc_framework_corebluetooth-12.2.2-cp315-cp315-macosx_10_15_universal2.whl", hash = "sha256:e8a964e4d32335fd77dd6e9ec0e510208884988c6d63360f80c699405f0beef2", size = 13217, upload-time = "2026-08-11T19:33:30.87Z" },
    { url = "https://files.pythonhosted.org/packages/fd/d6/960d2ea2e55bf3856211d07176ff228721ce1863777594065129353c9331/pyobjc_framework_corebluetooth-12.2.2-cp315-cp315t-macosx_10_15_universal2.whl", hash = "sha256:61f4ac689b3a505218b470866931e8ce67e59b70f0877085f9332b169b96d991", size = 13419, upload-time = "2026-08-11T19:33:31.612Z" },
]

[[package]]
name = "pyobjc-framework-libdispatch"
version = "12.2.2"
source = { registry = "https://pypi.org/simple" }
dependencies = [
    { name = "pyobjc-core", marker = "sys_platform == 'darwin'" },
    { name = "pyobjc-framework-cocoa", marker = "sys_platform == 'darwin'" },
]
sdist = { url = "https://files.pythonhosted.org/packages/f0/76/e40db30142b551790e5ab208e74de04cfc70823177a702c8c9e3f5e73034/pyobjc_framework_libdispatch-12.2.2.tar.gz", hash = "sha256:7cb799a7c5766cc1b68b68655a02c950646adfd2a743b7cbe8e4a04a51c44ecb", size = 40625, upload-time = "2026-08-11T19:44:46.277Z" }
wheels = [
    { url = "https://files.pythonhosted.org/packages/91/b2/d038bd258426628a1e0b8021ebd9084b400398f1d10b9829fde863cc6767/pyobjc_framework_libdispatch-12.2.2-cp310-cp310-macosx_10_9_universal2.whl", hash = "sha256:b392d482781893c9f71b22611648d3291d6a2fc85e1ff9f97377210074e4f93c", size = 20486, upload-time = "2026-08-11T19:37:26.145Z" },
    { url = "https://files.pythonhosted.org/packages/49/b4/08ba72bf0d9b138c95a96b3a61a73b370b3ec00996e16af3b9d9190e0d95/pyobjc_framework_libdispatch-12.2.2-cp311-cp311-macosx_10_9_universal2.whl", hash = "sha256:e8e5411ed58ed1643f39a486880193cb1b1103df45d64ebd1072a193dce09a22", size = 20491, upload-time = "2026-08-11T19:37:27.118Z" },
    { url = "https://files.pythonhosted.org/packages/c0/be/de3dca9546c8eee4eb35f538511e36acdf337f589a78c609f737d1d7ed81/pyobjc_framework_libdispatch-12.2.2-cp312-cp312-macosx_10_13_universal2.whl", hash = "sha256:57e004479c4a7b697c1cee2c6aad80051bf447beafd1d780cb7427d99cc92b64", size = 15656, upload-time = "2026-08-11T19:37:27.869Z" },
    { url = "https://files.pythonhosted.org/packages/2c/e6/3c2c086f282457bb532721037b2548c67974cd425ded85d4325a72fe259e/pyobjc_framework_libdispatch-12.2.2-cp313-cp313-macosx_10_13_universal2.whl", hash = "sha256:9c62b8c03b9e8c8925fdbb9d5a9541c1e9a4023ec06f1312441edfd166f33398", size = 15678, upload-time = "2026-08-11T19:37:28.686Z" },
    { url = "https://files.pythonhosted.org/packages/cf/96/97a2ea574323d22a9812f3b28dc13ef55bb3528b7ef8f52db37dc1d8de1b/pyobjc_framework_libdispatch-12.2.2-cp313-cp313t-macosx_10_13_universal2.whl", hash = "sha256:b67f7433d2fbc0d5ff2ce4cb81ef08e0d0717fe88c2a95e335512c2cdb52d722", size = 15945, upload-time = "2026-08-11T19:37:29.473Z" },
    { url = "https://files.pythonhosted.org/packages/d6/a2/827dac269b152880889e0ab0e9eeebb0e006790edc1f32fa9470a947c2d1/pyobjc_framework_libdispatch-12.2.2-cp314-cp314-macosx_10_15_universal2.whl", hash = "sha256:2488964343f9282e3521ab2f136948a8eaf7438351dc45c39e34ba23b9f5bc6b", size = 15704, upload-time = "2026-08-11T19:37:30.252Z" },
    { url = "https://files.pythonhosted.org/packages/95/9a/0bf4c9342949cf64a4781be35bf4cf37416e99b45e88c47604e208e11ba9/pyobjc_framework_libdispatch-12.2.2-cp314-cp314t-macosx_10_15_universal2.whl", hash = "sha256:74cea0ec7803147496c8b7b62e7ad1b9eda525aa692d8856464cec489951aa5d", size = 15987, upload-time = "2026-08-11T19:37:31.115Z" },
    { url = "https://files.pythonhosted.org/packages/fc/13/24d9a179b1ecfab1aee6fc6e1090890121c6163f33e16965620a468504bb/pyobjc_framework_libdispatch-12.2.2-cp315-cp315-macosx_10_15_universal2.whl", hash = "sha256:436828e39577ec9a889c59efa1e8a85fa0ba43af5069060a67dfead1df029ea4", size = 15724, upload-time = "2026-08-11T19:37:32.016Z" },
    { url = "https://files.pythonhosted.org/packages/f2/5e/b0edf8f0dc908437ff2359655d0cf6749839fb39944137855cbaf882bd9c/pyobjc_framework_libdispatch-12.2.2-cp315-cp315t-macosx_10_15_universal2.whl", hash = "sha256:b64b150207552b67caf1061e013ae6a1989aef34a18f36d9a3a455c51cd210c2", size = 16011, upload-time = "2026-08-11T19:37:32.795Z" },
]

[[package]]
name = "setuptools"
version = "84.0.0"
source = { registry = "https://pypi.org/simple" }
sdist = { url = "https://files.pythonhosted.org/packages/6d/44/f5da03a8ef95d369145c5bb53050e7877c9f3d312e128605fd9504829143/setuptools-84.0.0.tar.gz", hash = "sha256:f4695c21257f0d9b537ec2692c941d02ee143b7cc1276941349a546573b2ef73", size = 1168449, upload-time = "2026-08-08T18:27:58.365Z" }
wheels = [
    { url = "https://files.pythonhosted.org/packages/95/9c/c510029fc6ef33a6275cd2c5d3cecd6613dfd6aa401d57c54f1c18852ccf/setuptools-84.0.0-py3-none-any.whl", hash = "sha256:51a52592b3b99e102b609654876bd65f19f999935166d1352678931132b0c670", size = 818216, upload-time = "2026-08-08T18:27:56.719Z" },
]

[[package]]
name = "terra-rover"
version = "0.2.0"
source = { editable = "." }
dependencies = [
    { name = "bleak", marker = "sys_platform == 'darwin' or sys_platform == 'linux'" },
    { name = "bless", marker = "sys_platform == 'darwin' or sys_platform == 'linux'" },
    { name = "dbus-fast", marker = "sys_platform == 'linux'" },
    { name = "dbus-next", marker = "sys_platform == 'darwin' or sys_platform == 'linux'" },
    { name = "typing-extensions", marker = "sys_platform == 'darwin' or sys_platform == 'linux'" },
]

[package.dev-dependencies]
dev = [
    { name = "nuitka", marker = "sys_platform == 'darwin' or sys_platform == 'linux'" },
    { name = "pyinstaller", marker = "sys_platform == 'darwin' or sys_platform == 'linux'" },
]

[package.metadata]
requires-dist = [
    { name = "bleak", specifier = "==1.1.1" },
    { name = "bless", specifier = "==0.3.0" },
    { name = "dbus-fast", marker = "sys_platform == 'linux'", specifier = "==2.44.5" },
    { name = "dbus-next", specifier = "==0.2.3" },
    { name = "typing-extensions", specifier = "==4.16.0" },
]

[package.metadata.requires-dev]
dev = [
    { name = "nuitka", specifier = ">=4.2.2" },
    { name = "pyinstaller", specifier = ">=6.22.3" },
]

[[package]]
name = "typing-extensions"
version = "4.16.0"
source = { registry = "https://pypi.org/simple" }
sdist = { url = "https://files.pythonhosted.org/packages/f6/cc/6253133b5bb138fc3306cebfbda2c520f545d36b5be2c7255cc528bb45d6/typing_extensions-4.16.0.tar.gz", hash = "sha256:dc983d19a509c94dba722ee6abd33940f7c05a89e243c47e907eb4db6f1a43e5", size = 113555, upload-time = "2026-07-02T08:40:05.92Z" }
wheels = [
    { url = "https://files.pythonhosted.org/packages/49/d3/b8441a820a491ddfc024b0b0cf0393375b75ea13866d9c66727e54c2fc80/typing_extensions-4.16.0-py3-none-any.whl", hash = "sha256:481caa481374e813c1b176ada14e97f1f67a4539ce9cfeb3f350d78d6370c2e8", size = 45571, upload-time = "2026-07-02T08:40:04.659Z" },
]
